
Microsoft Visual Studio Solution File, Format Version 12.00
# Visual Studio Version 17
VisualStudioVersion = 17.9.34616.47
MinimumVisualStudioVersion = 10.0.40219.1
Project("{FAE04EC0-301F-11D3-BF4B-00C04F79EFBC}") = "ecomm06-2A", "ecomm06-2A\ecomm06-2A.csproj", "{F2ACA9C9-5F49-4904-8CAD-CFEA674E5525}"
EndProject
Global
	GlobalSection(SolutionConfigurationPlatforms) = preSolution
		Debug|Any CPU = Debug|Any CPU
		Release|Any CPU = Release|Any CPU
	EndGlobalSection
	GlobalSection(ProjectConfigurationPlatforms) = postSolution
		{F2ACA9C9-5F49-4904-8CAD-CFEA674E5525}.Debug|Any CPU.ActiveCfg = Debug|Any CPU
		{F2ACA9C9-5F49-4904-8CAD-CFEA674E5525}.Debug|Any CPU.Build.0 = Debug|Any CPU
		{F2ACA9C9-5F49-4904-8CAD-CFEA674E5525}.Release|Any CPU.ActiveCfg = Release|Any CPU
		{F2ACA9C9-5F49-4904-8CAD-CFEA674E5525}.Release|Any CPU.Build.0 = Release|Any CPU
	EndGlobalSection
	GlobalSection(SolutionProperties) = preSolution
		HideSolutionNode = FALSE
	EndGlobalSection
	GlobalSection(ExtensibilityGlobals) = postSolution
		SolutionGuid = {6FE687FD-32AE-4AEF-8EAF-CBF67066009F}
	EndGlobalSection
EndGlobal
